{
  "lockfileVersion": 1,
  "configVersion": 1,
  "workspaces": {
    "": {
      "name": "opencode-toolkit",
      "devDependencies": {
        "@types/node": "^25.3.5",
        "typescript": "^5.4.0",
      },
    },
    "packages/core": {
      "name": "@kompassdev/core",
      "version": "0.0.3",
      "dependencies": {
        "eta": "^4.5.1",
      },
    },
    "packages/opencode": {
      "name": "@kompassdev/opencode",
      "version": "0.3.0",
      "devDependencies": {
        "@opencode-ai/plugin": "^1.2.25",
        "@opencode-ai/sdk": "^1.2.25",
        "yaml": "^2.8.2",
      },
      "peerDependencies": {
        "@opencode-ai/plugin": "^1.2.25",
      },
    },
  },
  "packages": {
    "@kompassdev/core": ["@kompassdev/core@workspace:packages/core"],

    "@kompassdev/opencode": ["@kompassdev/opencode@workspace:packages/opencode"],

    "@opencode-ai/plugin": ["@opencode-ai/plugin@1.2.25", "", { "dependencies": { "@opencode-ai/sdk": "1.2.25", "zod": "4.1.8" } }, "sha512-IQnjkcN7cvI/zoiDNx1d2qnGzn5BR/Bu95Kq05/vdd8oX4ARgYkqfaJgKkNSpjUVoNBKHTd8m9q1TtzuKlyGUg=="],

    "@opencode-ai/sdk": ["@opencode-ai/sdk@1.2.25", "", {}, "sha512-ikuGWob48OM7LTgfXFqGOZKVOqh50FEjvtIBhXGhGowJhifmjZ+xuq/ypP8nPjTwUX73pbu1C3X9ZBWVkCN9mA=="],

    "@types/node": ["@types/node@25.3.5", "", { "dependencies": { "undici-types": "~7.18.0" } }, "sha512-oX8xrhvpiyRCQkG1MFchB09f+cXftgIXb3a7UUa4Y3wpmZPw5tyZGTLWhlESOLq1Rq6oDlc8npVU2/9xiCuXMA=="],

    "eta": ["eta@4.5.1", "", {}, "sha512-EaNCGm+8XEIU7YNcc+THptWAO5NfKBHHARxt+wxZljj9bTr/+arRoOm9/MpGt4n6xn9fLnPFRSoLD0WFYGFUxQ=="],

    "typescript": ["typescript@5.9.3", "", { "bin": { "tsc": "bin/tsc", "tsserver": "bin/tsserver" } }, "sha512-jl1vZzPDinLr9eUt3J/t7V6FgNEw9QjvBPdysz9KfQDD41fQrC2Y4vKQdiaUpFT4bXlb1RHhLpp8wtm6M5TgSw=="],

    "undici-types": ["undici-types@7.18.2", "", {}, "sha512-AsuCzffGHJybSaRrmr5eHr81mwJU3kjw6M+uprWvCXiNeN9SOGwQ3Jn8jb8m3Z6izVgknn1R0FTCEAP2QrLY/w=="],

    "yaml": ["yaml@2.8.2", "", { "bin": { "yaml": "bin.mjs" } }, "sha512-mplynKqc1C2hTVYxd0PU2xQAc22TI1vShAYGksCCfxbn/dFwnHTNi1bvYsBTkhdUNtGIf5xNOg938rrSSYvS9A=="],

    "zod": ["zod@4.1.8", "", {}, "sha512-5R1P+WwQqmmMIEACyzSvo4JXHY5WiAFHRMg+zBZKgKS+Q1viRa0C1hmUKtHltoIFKtIdki3pRxkmpP74jnNYHQ=="],
  }
}
